
Microsoft Visual Studio Solution File, Format Version 12.00
# Visual Studio Version 16
VisualStudioVersion = 16.0.34902.97
MinimumVisualStudioVersion = 10.0.40219.1
Project("{FAE04EC0-301F-11D3-BF4B-00C04F79EFBC}") = "TextEditor", "TextEditor\TextEditor.csproj", "{6AC74451-0E42-4E76-BB93-61CD7C92FEC3}"
EndProject
Global
	GlobalSection(SolutionConfigurationPlatforms) = preSolution
		Debug|Any CPU = Debug|Any CPU
		Release|Any CPU = Release|Any CPU
	EndGlobalSection
	GlobalSection(ProjectConfigurationPlatforms) = postSolution
		{6AC74451-0E42-4E76-BB93-61CD7C92FEC3}.Debug|Any CPU.ActiveCfg = Debug|Any CPU
		{6AC74451-0E42-4E76-BB93-61CD7C92FEC3}.Debug|Any CPU.Build.0 = Debug|Any CPU
		{6AC74451-0E42-4E76-BB93-61CD7C92FEC3}.Release|Any CPU.ActiveCfg = Release|Any CPU
		{6AC74451-0E42-4E76-BB93-61CD7C92FEC3}.Release|Any CPU.Build.0 = Release|Any CPU
	EndGlobalSection
	GlobalSection(SolutionProperties) = preSolution
		HideSolutionNode = FALSE
	EndGlobalSection
	GlobalSection(ExtensibilityGlobals) = postSolution
		SolutionGuid = {509FE4D7-365A-49E4-A32C-F70638EAA822}
	EndGlobalSection
EndGlobal
